
Microsoft Visual Studio Solution File, Format Version 12.00
# Visual Studio Version 17
VisualStudioVersion = 17.11.35219.272
MinimumVisualStudioVersion = 10.0.40219.1
Project("{FAE04EC0-301F-11D3-BF4B-00C04F79EFBC}") = "WishAPI", "WishAPI\WishAPI.csproj", "{6BFF449D-5A7D-4FA6-8874-DE0196B5EC97}"
EndProject
Project("{FAE04EC0-301F-11D3-BF4B-00C04F79EFBC}") = "Application", "Application\Application.csproj", "{EFEE53EF-C70B-4696-9A93-55228BF93E5B}"
EndProject
Project("{FAE04EC0-301F-11D3-BF4B-00C04F79EFBC}") = "Core", "Core\Core.csproj", "{ED1FFDF3-5F39-4851-B578-F65F3A454766}"
EndProject
Project("{FAE04EC0-301F-11D3-BF4B-00C04F79EFBC}") = "Presistence", "Presistence\Presistence.csproj", "{E9F6CE17-A399-4E94-8CB7-FFDB06E7D623}"
EndProject
Global
	GlobalSection(SolutionConfigurationPlatforms) = preSolution
		Debug|Any CPU = Debug|Any CPU
		Release|Any CPU = Release|Any CPU
	EndGlobalSection
	GlobalSection(ProjectConfigurationPlatforms) = postSolution
		{6BFF449D-5A7D-4FA6-8874-DE0196B5EC97}.Debug|Any CPU.ActiveCfg = Debug|Any CPU
		{6BFF449D-5A7D-4FA6-8874-DE0196B5EC97}.Debug|Any CPU.Build.0 = Debug|Any CPU
		{6BFF449D-5A7D-4FA6-8874-DE0196B5EC97}.Release|Any CPU.ActiveCfg = Release|Any CPU
		{6BFF449D-5A7D-4FA6-8874-DE0196B5EC97}.Release|Any CPU.Build.0 = Release|Any CPU
		{EFEE53EF-C70B-4696-9A93-55228BF93E5B}.Debug|Any CPU.ActiveCfg = Debug|Any CPU
		{EFEE53EF-C70B-4696-9A93-55228BF93E5B}.Debug|Any CPU.Build.0 = Debug|Any CPU
		{EFEE53EF-C70B-4696-9A93-55228BF93E5B}.Release|Any CPU.ActiveCfg = Release|Any CPU
		{EFEE53EF-C70B-4696-9A93-55228BF93E5B}.Release|Any CPU.Build.0 = Release|Any CPU
		{ED1FFDF3-5F39-4851-B578-F65F3A454766}.Debug|Any CPU.ActiveCfg = Debug|Any CPU
		{ED1FFDF3-5F39-4851-B578-F65F3A454766}.Debug|Any CPU.Build.0 = Debug|Any CPU
		{ED1FFDF3-5F39-4851-B578-F65F3A454766}.Release|Any CPU.ActiveCfg = Release|Any CPU
		{ED1FFDF3-5F39-4851-B578-F65F3A454766}.Release|Any CPU.Build.0 = Release|Any CPU
		{E9F6CE17-A399-4E94-8CB7-FFDB06E7D623}.Debug|Any CPU.ActiveCfg = Debug|Any CPU
		{E9F6CE17-A399-4E94-8CB7-FFDB06E7D623}.Debug|Any CPU.Build.0 = Debug|Any CPU
		{E9F6CE17-A399-4E94-8CB7-FFDB06E7D623}.Release|Any CPU.ActiveCfg = Release|Any CPU
		{E9F6CE17-A399-4E94-8CB7-FFDB06E7D623}.Release|Any CPU.Build.0 = Release|Any CPU
	EndGlobalSection
	GlobalSection(SolutionProperties) = preSolution
		HideSolutionNode = FALSE
	EndGlobalSection
	GlobalSection(ExtensibilityGlobals) = postSolution
		SolutionGuid = {E7AD0939-7667-4840-8BB8-05EAF835C67F}
	EndGlobalSection
EndGlobal
